PODS:
  - MBProgressHUD (0.9.2)
  - MJRefresh (2.4.12)
  - Reachability (3.2)
  - ReactiveCocoa (2.5):
    - ReactiveCocoa/UI (= 2.5)
  - ReactiveCocoa/Core (2.5):
    - ReactiveCocoa/no-arc
  - ReactiveCocoa/no-arc (2.5)
  - ReactiveCocoa/UI (2.5):
    - ReactiveCocoa/Core
  - SDWebImage (3.7.4):
    - SDWebImage/Core (= 3.7.4)
  - SDWebImage/Core (3.7.4)
  - Toast (2.4)

DEPENDENCIES:
  - MBProgressHUD (~> 0.9.1)
  - MJRefresh (~> 2.4.10)
  - Reachability (~> 3.2)
  - ReactiveCocoa
  - SDWebImage (~> 3.7.3)
  - Toast (~> 2.4)

SPEC CHECKSUMS:
  MBProgressHUD: 1569cf7ace17a8bac47aabfbb8580a49690386d1
  MJRefresh: ca8e9589895977df32d379d46e6b8a5450b3ff44
  Reachability: 33e18b67625424e47b6cde6d202dce689ad7af96
  ReactiveCocoa: e2db045570aa97c695e7aa97c2bcab222ae51f4a
  SDWebImage: 247edd7dd80dd6124197b0d6a17846fe9d1df968
  Toast: 0773b8fc0e97352ca6054517bec7ebdd4110029d

PODFILE CHECKSUM: d3ea6ab37809d3e6828eba13f0bb06445a133644

COCOAPODS: 1.0.0.beta.2
